
Microsoft Visual Studio Solution File, Format Version 12.00
# Visual Studio 15
VisualStudioVersion = 15.0.28307.421
MinimumVisualStudioVersion = 10.0.40219.1
Project("{8BC9CEB8-8B4A-11D0-8D11-00A0C91BC942}") = "OOP_Lab_01.Task_01", "OOP_Lab_01.Task_01\OOP_Lab_01.Task_01.vcxproj", "{C06D1B61-F414-4DD3-8D68-55760FE34E08}"
EndProject
Project("{8BC9CEB8-8B4A-11D0-8D11-00A0C91BC942}") = "OOP_Lab_01.Task_01_Dynamic", "OOP_Lab_01.Task_01_Dynamic\OOP_Lab_01.Task_01_Dynamic.vcxproj", "{D13AD236-BE89-451F-8162-AD5189FB5A75}"
EndProject
Global
	GlobalSection(SolutionConfigurationPlatforms) = preSolution
		Debug|x64 = Debug|x64
		Debug|x86 = Debug|x86
		Release|x64 = Release|x64
		Release|x86 = Release|x86
	EndGlobalSection
	GlobalSection(ProjectConfigurationPlatforms) = postSolution
		{C06D1B61-F414-4DD3-8D68-55760FE34E08}.Debug|x64.ActiveCfg = Debug|x64
		{C06D1B61-F414-4DD3-8D68-55760FE34E08}.Debug|x64.Build.0 = Debug|x64
		{C06D1B61-F414-4DD3-8D68-55760FE34E08}.Debug|x86.ActiveCfg = Debug|Win32
		{C06D1B61-F414-4DD3-8D68-55760FE34E08}.Debug|x86.Build.0 = Debug|Win32
		{C06D1B61-F414-4DD3-8D68-55760FE34E08}.Release|x64.ActiveCfg = Release|x64
		{C06D1B61-F414-4DD3-8D68-55760FE34E08}.Release|x64.Build.0 = Release|x64
		{C06D1B61-F414-4DD3-8D68-55760FE34E08}.Release|x86.ActiveCfg = Release|Win32
		{C06D1B61-F414-4DD3-8D68-55760FE34E08}.Release|x86.Build.0 = Release|Win32
		{D13AD236-BE89-451F-8162-AD5189FB5A75}.Debug|x64.ActiveCfg = Debug|x64
		{D13AD236-BE89-451F-8162-AD5189FB5A75}.Debug|x64.Build.0 = Debug|x64
		{D13AD236-BE89-451F-8162-AD5189FB5A75}.Debug|x86.ActiveCfg = Debug|Win32
		{D13AD236-BE89-451F-8162-AD5189FB5A75}.Debug|x86.Build.0 = Debug|Win32
		{D13AD236-BE89-451F-8162-AD5189FB5A75}.Release|x64.ActiveCfg = Release|x64
		{D13AD236-BE89-451F-8162-AD5189FB5A75}.Release|x64.Build.0 = Release|x64
		{D13AD236-BE89-451F-8162-AD5189FB5A75}.Release|x86.ActiveCfg = Release|Win32
		{D13AD236-BE89-451F-8162-AD5189FB5A75}.Release|x86.Build.0 = Release|Win32
	EndGlobalSection
	GlobalSection(SolutionProperties) = preSolution
		HideSolutionNode = FALSE
	EndGlobalSection
	GlobalSection(ExtensibilityGlobals) = postSolution
		SolutionGuid = {2805386E-0642-4E80-B163-9EDA4DE09672}
	EndGlobalSection
EndGlobal
